
Microsoft Visual Studio Solution File, Format Version 12.00
# Visual Studio Version 17
VisualStudioVersion = 17.11.35222.181
MinimumVisualStudioVersion = 10.0.40219.1
Project("{FAE04EC0-301F-11D3-BF4B-00C04F79EFBC}") = "meowmeow", "meowmeow\meowmeow.csproj", "{AEF9BFED-E234-480E-A5A6-971A1DD30B0A}"
EndProject
Global
	GlobalSection(SolutionConfigurationPlatforms) = preSolution
		Debug|Any CPU = Debug|Any CPU
		Release|Any CPU = Release|Any CPU
	EndGlobalSection
	GlobalSection(ProjectConfigurationPlatforms) = postSolution
		{AEF9BFED-E234-480E-A5A6-971A1DD30B0A}.Debug|Any CPU.ActiveCfg = Debug|Any CPU
		{AEF9BFED-E234-480E-A5A6-971A1DD30B0A}.Debug|Any CPU.Build.0 = Debug|Any CPU
		{AEF9BFED-E234-480E-A5A6-971A1DD30B0A}.Release|Any CPU.ActiveCfg = Release|Any CPU
		{AEF9BFED-E234-480E-A5A6-971A1DD30B0A}.Release|Any CPU.Build.0 = Release|Any CPU
	EndGlobalSection
	GlobalSection(SolutionProperties) = preSolution
		HideSolutionNode = FALSE
	EndGlobalSection
	GlobalSection(ExtensibilityGlobals) = postSolution
		SolutionGuid = {3F061E27-7343-4360-B6A0-D4F0909B943C}
	EndGlobalSection
EndGlobal
